
Microsoft Visual Studio Solution File, Format Version 12.00
# Visual Studio Version 17
VisualStudioVersion = 17.12.35209.166
MinimumVisualStudioVersion = 10.0.40219.1
Project("{FAE04EC0-301F-11D3-BF4B-00C04F79EFBC}") = "Todos", "Todos\Todos.csproj", "{7438EE65-A47B-4B52-88DE-ED59A3462E6F}"
EndProject
Project("{2150E333-8FDC-42A3-9474-1A3956D46DE8}") = "src", "src", "{B2D33BB9-8EB9-45E8-B2A2-D2B0842CA77A}"
EndProject
Project("{E53339B2-1760-4266-BCC7-CA923CBCF16C}") = "docker-compose", "docker-compose.dcproj", "{C49FA17F-AF8C-461F-BF0F-2D4A9CEBE9E1}"
EndProject
Project("{FAE04EC0-301F-11D3-BF4B-00C04F79EFBC}") = "Utility", "Todos.Utility\Utility.csproj", "{71F53221-D026-4D52-8C6B-8232763A3AA3}"
EndProject
Project("{2150E333-8FDC-42A3-9474-1A3956D46DE8}") = "Common", "Common", "{A9F7A987-F6A8-4547-9AA5-F070557F32F3}"
EndProject
Project("{2150E333-8FDC-42A3-9474-1A3956D46DE8}") = "Services", "Services", "{F9022054-937F-49A4-85A4-68F7D7765EC3}"
EndProject
Global
	GlobalSection(SolutionConfigurationPlatforms) = preSolution
		Debug|Any CPU = Debug|Any CPU
		Release|Any CPU = Release|Any CPU
	EndGlobalSection
	GlobalSection(ProjectConfigurationPlatforms) = postSolution
		{7438EE65-A47B-4B52-88DE-ED59A3462E6F}.Debug|Any CPU.ActiveCfg = Debug|Any CPU
		{7438EE65-A47B-4B52-88DE-ED59A3462E6F}.Debug|Any CPU.Build.0 = Debug|Any CPU
		{7438EE65-A47B-4B52-88DE-ED59A3462E6F}.Release|Any CPU.ActiveCfg = Release|Any CPU
		{7438EE65-A47B-4B52-88DE-ED59A3462E6F}.Release|Any CPU.Build.0 = Release|Any CPU
		{C49FA17F-AF8C-461F-BF0F-2D4A9CEBE9E1}.Debug|Any CPU.ActiveCfg = Debug|Any CPU
		{C49FA17F-AF8C-461F-BF0F-2D4A9CEBE9E1}.Debug|Any CPU.Build.0 = Debug|Any CPU
		{C49FA17F-AF8C-461F-BF0F-2D4A9CEBE9E1}.Release|Any CPU.ActiveCfg = Release|Any CPU
		{C49FA17F-AF8C-461F-BF0F-2D4A9CEBE9E1}.Release|Any CPU.Build.0 = Release|Any CPU
		{71F53221-D026-4D52-8C6B-8232763A3AA3}.Debug|Any CPU.ActiveCfg = Debug|Any CPU
		{71F53221-D026-4D52-8C6B-8232763A3AA3}.Debug|Any CPU.Build.0 = Debug|Any CPU
		{71F53221-D026-4D52-8C6B-8232763A3AA3}.Release|Any CPU.ActiveCfg = Release|Any CPU
		{71F53221-D026-4D52-8C6B-8232763A3AA3}.Release|Any CPU.Build.0 = Release|Any CPU
	EndGlobalSection
	GlobalSection(SolutionProperties) = preSolution
		HideSolutionNode = FALSE
	EndGlobalSection
	GlobalSection(NestedProjects) = preSolution
		{7438EE65-A47B-4B52-88DE-ED59A3462E6F} = {F9022054-937F-49A4-85A4-68F7D7765EC3}
		{71F53221-D026-4D52-8C6B-8232763A3AA3} = {A9F7A987-F6A8-4547-9AA5-F070557F32F3}
		{A9F7A987-F6A8-4547-9AA5-F070557F32F3} = {B2D33BB9-8EB9-45E8-B2A2-D2B0842CA77A}
		{F9022054-937F-49A4-85A4-68F7D7765EC3} = {B2D33BB9-8EB9-45E8-B2A2-D2B0842CA77A}
	EndGlobalSection
	GlobalSection(ExtensibilityGlobals) = postSolution
		SolutionGuid = {756EA839-1AE0-408A-B600-EA722A05F1BD}
	EndGlobalSection
EndGlobal
